
Microsoft Visual Studio Solution File, Format Version 12.00
# Visual Studio Version 17
VisualStudioVersion = 17.9.34728.123
MinimumVisualStudioVersion = 10.0.40219.1
Project("{8BC9CEB8-8B4A-11D0-8D11-00A0C91BC942}") = "第八章习题", "第八章习题.vcxproj", "{58F81DAC-E6ED-4068-94E8-7103E2DBE421}"
EndProject
Global
	GlobalSection(SolutionConfigurationPlatforms) = preSolution
		Debug|x64 = Debug|x64
		Debug|x86 = Debug|x86
		Release|x64 = Release|x64
		Release|x86 = Release|x86
	EndGlobalSection
	GlobalSection(ProjectConfigurationPlatforms) = postSolution
		{58F81DAC-E6ED-4068-94E8-7103E2DBE421}.Debug|x64.ActiveCfg = Debug|x64
		{58F81DAC-E6ED-4068-94E8-7103E2DBE421}.Debug|x64.Build.0 = Debug|x64
		{58F81DAC-E6ED-4068-94E8-7103E2DBE421}.Debug|x86.ActiveCfg = Debug|Win32
		{58F81DAC-E6ED-4068-94E8-7103E2DBE421}.Debug|x86.Build.0 = Debug|Win32
		{58F81DAC-E6ED-4068-94E8-7103E2DBE421}.Release|x64.ActiveCfg = Release|x64
		{58F81DAC-E6ED-4068-94E8-7103E2DBE421}.Release|x64.Build.0 = Release|x64
		{58F81DAC-E6ED-4068-94E8-7103E2DBE421}.Release|x86.ActiveCfg = Release|Win32
		{58F81DAC-E6ED-4068-94E8-7103E2DBE421}.Release|x86.Build.0 = Release|Win32
	EndGlobalSection
	GlobalSection(SolutionProperties) = preSolution
		HideSolutionNode = FALSE
	EndGlobalSection
	GlobalSection(ExtensibilityGlobals) = postSolution
		SolutionGuid = {4E132169-05A9-48BA-8437-89CF79C1BA9E}
	EndGlobalSection
EndGlobal
